<?xml version="1.0" encoding="utf-8"?>
<Project ToolsVersion="4.0" xmlns="http://schemas.microsoft.com/developer/msbuild/2003">
  <ItemGroup>
    <Filter Include="Source Files">
      <UniqueIdentifier>{4FC737F1-C7A5-4376-A066-2A32D752A2FF}</UniqueIdentifier>
      <Extensions>cpp;c;cc;cxx;def;odl;idl;hpj;bat;asm;asmx</Extensions>
    </Filter>
    <Filter Include="Header Files">
      <UniqueIdentifier>{93995380-89BD-4b04-88EB-625FBE52EBFB}</UniqueIdentifier>
      <Extensions>h;hh;hpp;hxx;hm;inl;inc;xsd</Extensions>
    </Filter>
    <Filter Include="Resource Files">
      <UniqueIdentifier>{D9D6E242-F8AF-46E4-B9FD-80ECBC20BA3E}</UniqueIdentifier>
      <Extensions>qrc;*</Extensions>
      <ParseFiles>false</ParseFiles>
    </Filter>
    <Filter Include="Form Files">
      <UniqueIdentifier>{99349809-55BA-4b9d-BF79-8FDBB0286EB3}</UniqueIdentifier>
      <Extensions>ui</Extensions>
    </Filter>
    <Filter Include="Resource Files">
      <UniqueIdentifier>{D9D6E242-F8AF-46E4-B9FD-80ECBC20BA3E}</UniqueIdentifier>
      <Extensions>qrc;*</Extensions>
      <ParseFiles>false</ParseFiles>
    </Filter>
  </ItemGroup>
  <ItemGroup>
    <ClCompile Include="main.cpp">
      <Filter>Source Files</Filter>
    </ClCompile>
    <ClCompile Include="AutoYams.cpp">
      <Filter>Source Files</Filter>
    </ClCompile>
    <ClCompile Include="src\GamePage.cpp">
      <Filter>Source Files</Filter>
    </ClCompile>
    <ClCompile Include="src\MenuPage.cpp">
      <Filter>Source Files</Filter>
    </ClCompile>
    <ClCompile Include="VideoCaptureWindow.cpp">
      <Filter>Source Files</Filter>
    </ClCompile>
    <ClCompile Include="src\VideoPage.cpp">
      <Filter>Source Files</Filter>
    </ClCompile>
    <ClCompile Include="src\VideoOpenCV.cpp">
      <Filter>Source Files</Filter>
    </ClCompile>
    <ClCompile Include="src\ImageOpenCV.cpp">
      <Filter>Source Files</Filter>
    </ClCompile>
    <ClCompile Include="src\VideoCaptureDevice.cpp">
      <Filter>Source Files</Filter>
    </ClCompile>
    <ClCompile Include="..\deps\DeviceEnumerator\src\DeviceEnumerator.cpp">
      <Filter>Source Files</Filter>
    </ClCompile>
    <ClCompile Include="src\ConfigFile.cpp">
      <Filter>Source Files</Filter>
    </ClCompile>
    <ClCompile Include="src\Dice.cpp">
      <Filter>Source Files</Filter>
    </ClCompile>
    <ClCompile Include="src\Score.cpp">
      <Filter>Source Files</Filter>
    </ClCompile>
    <ClCompile Include="src\Player.cpp">
      <Filter>Source Files</Filter>
    </ClCompile>
    <ClCompile Include="src\Scoring.cpp">
      <Filter>Source Files</Filter>
    </ClCompile>
    <ClCompile Include="src\Game.cpp">
      <Filter>Source Files</Filter>
    </ClCompile>
    <ClCompile Include="src\FileDebug.cpp">
      <Filter>Source Files</Filter>
    </ClCompile>
    <ClCompile Include="src\DiceDetector.cpp">
      <Filter>Source Files</Filter>
    </ClCompile>
    <ClCompile Include="src\PlayableMove.cpp">
      <Filter>Source Files</Filter>
    </ClCompile>
    <ClCompile Include="src\ConfigManager.cpp">
      <Filter>Source Files</Filter>
    </ClCompile>
    <ClCompile Include="src\ConfigPage.cpp">
      <Filter>Source Files</Filter>
    </ClCompile>
  </ItemGroup>
  <ItemGroup>
    <QtMoc Include="AutoYams.h">
      <Filter>Header Files</Filter>
    </QtMoc>
    <QtMoc Include="include\AutoYams\core\page\Page.h">
      <Filter>Header Files</Filter>
    </QtMoc>
    <QtMoc Include="include\AutoYams\core\page\main\GamePage.h">
      <Filter>Header Files</Filter>
    </QtMoc>
    <QtMoc Include="include\AutoYams\core\page\main\MenuPage.h">
      <Filter>Header Files</Filter>
    </QtMoc>
    <QtMoc Include="VideoCaptureWindow.h">
      <Filter>Header Files</Filter>
    </QtMoc>
    <QtMoc Include="include\AutoYams\core\page\AdvancedPage.h">
      <Filter>Header Files</Filter>
    </QtMoc>
    <QtMoc Include="include\AutoYams\core\page\advanced\VideoPage.h">
      <Filter>Header Files</Filter>
    </QtMoc>
    <QtMoc Include="include\AutoYams\opencv\graphic\VideoOpenCV.h">
      <Filter>Header Files</Filter>
    </QtMoc>
    <QtMoc Include="include\AutoYams\opencv\graphic\ImageOpenCV.h">
      <Filter>Header Files</Filter>
    </QtMoc>
    <QtMoc Include="include\AutoYams\gameplay\Game.h">
      <Filter>Header Files</Filter>
    </QtMoc>
    <QtMoc Include="include\AutoYams\opencv\DiceDetector.h">
      <Filter>Header Files</Filter>
    </QtMoc>
    <QtMoc Include="include\AutoYams\core\event\EventRedirector.h">
      <Filter>Header Files</Filter>
    </QtMoc>
    <QtMoc Include="include\AutoYams\core\event\specifics\EventThrowDice.h">
      <Filter>Header Files</Filter>
    </QtMoc>
    <QtMoc Include="include\AutoYams\core\file\ConfigManager.h">
      <Filter>Header Files</Filter>
    </QtMoc>
    <QtMoc Include="include\AutoYams\core\page\advanced\ConfigPage.h">
      <Filter>Header Files</Filter>
    </QtMoc>
  </ItemGroup>
  <ItemGroup>
    <QtUic Include="AutoYams.ui">
      <Filter>Form Files</Filter>
    </QtUic>
    <QtUic Include="VideoCapture.ui">
      <Filter>Form Files</Filter>
    </QtUic>
  </ItemGroup>
  <ItemGroup>
    <QtRcc Include="AutoYams.qrc">
      <Filter>Resource Files</Filter>
    </QtRcc>
  </ItemGroup>
  <ItemGroup>
    <ClInclude Include="include\AutoYams\opencv\VideoCaptureDevice.h">
      <Filter>Header Files</Filter>
    </ClInclude>
    <ClInclude Include="..\deps\DeviceEnumerator\include\DeviceEnumerator.h">
      <Filter>Header Files</Filter>
    </ClInclude>
    <ClInclude Include="include\AutoYams\core\file\ConfigFile.h">
      <Filter>Header Files</Filter>
    </ClInclude>
    <ClInclude Include="include\AutoYams\gameplay\Dice.h">
      <Filter>Header Files</Filter>
    </ClInclude>
    <ClInclude Include="include\AutoYams\gameplay\Score.h">
      <Filter>Header Files</Filter>
    </ClInclude>
    <ClInclude Include="include\AutoYams\gameplay\Player.h">
      <Filter>Header Files</Filter>
    </ClInclude>
    <ClInclude Include="include\AutoYams\gameplay\Scoring.h">
      <Filter>Header Files</Filter>
    </ClInclude>
    <ClInclude Include="include\AutoYams\FileDebug.h">
      <Filter>Header Files</Filter>
    </ClInclude>
    <ClInclude Include="include\AutoYams\core\exception\AbstractException.h">
      <Filter>Header Files</Filter>
    </ClInclude>
    <ClInclude Include="include\AutoYams\core\exception\AdvancedException.h">
      <Filter>Header Files</Filter>
    </ClInclude>
    <ClInclude Include="include\AutoYams\gameplay\PlayableMove.h">
      <Filter>Header Files</Filter>
    </ClInclude>
  </ItemGroup>
</Project>